
Microsoft Visual Studio Solution File, Format Version 12.00
# Visual Studio Version 17
VisualStudioVersion = 17.7.34003.232
MinimumVisualStudioVersion = 10.0.40219.1
Project("{FAE04EC0-301F-11D3-BF4B-00C04F79EFBC}") = "Proiect.Server", "Proiect\Server\Proiect.Server.csproj", "{1D27E14D-AB00-4DD2-8767-991C6C414EB9}"
EndProject
Project("{FAE04EC0-301F-11D3-BF4B-00C04F79EFBC}") = "Proiect.Client", "Proiect\Client\Proiect.Client.csproj", "{A8F53D3F-224B-40FA-9FE3-7663D5AD2313}"
EndProject
Project("{FAE04EC0-301F-11D3-BF4B-00C04F79EFBC}") = "Proiect.Shared", "Proiect\Shared\Proiect.Shared.csproj", "{B141C254-C5F1-4BD3-A738-D286D5D7B9C1}"
EndProject
Project("{2150E333-8FDC-42A3-9474-1A3956D46DE8}") = "Solution Items", "Solution Items", "{0F46272D-83CB-44A0-8A97-85ED53EA0D73}"
	ProjectSection(SolutionItems) = preProject
		.editorconfig = .editorconfig
	EndProjectSection
EndProject
Global
	GlobalSection(SolutionConfigurationPlatforms) = preSolution
		Debug|Any CPU = Debug|Any CPU
		Release|Any CPU = Release|Any CPU
	EndGlobalSection
	GlobalSection(ProjectConfigurationPlatforms) = postSolution
		{1D27E14D-AB00-4DD2-8767-991C6C414EB9}.Debug|Any CPU.ActiveCfg = Debug|Any CPU
		{1D27E14D-AB00-4DD2-8767-991C6C414EB9}.Debug|Any CPU.Build.0 = Debug|Any CPU
		{1D27E14D-AB00-4DD2-8767-991C6C414EB9}.Release|Any CPU.ActiveCfg = Release|Any CPU
		{1D27E14D-AB00-4DD2-8767-991C6C414EB9}.Release|Any CPU.Build.0 = Release|Any CPU
		{A8F53D3F-224B-40FA-9FE3-7663D5AD2313}.Debug|Any CPU.ActiveCfg = Debug|Any CPU
		{A8F53D3F-224B-40FA-9FE3-7663D5AD2313}.Debug|Any CPU.Build.0 = Debug|Any CPU
		{A8F53D3F-224B-40FA-9FE3-7663D5AD2313}.Release|Any CPU.ActiveCfg = Release|Any CPU
		{A8F53D3F-224B-40FA-9FE3-7663D5AD2313}.Release|Any CPU.Build.0 = Release|Any CPU
		{B141C254-C5F1-4BD3-A738-D286D5D7B9C1}.Debug|Any CPU.ActiveCfg = Debug|Any CPU
		{B141C254-C5F1-4BD3-A738-D286D5D7B9C1}.Debug|Any CPU.Build.0 = Debug|Any CPU
		{B141C254-C5F1-4BD3-A738-D286D5D7B9C1}.Release|Any CPU.ActiveCfg = Release|Any CPU
		{B141C254-C5F1-4BD3-A738-D286D5D7B9C1}.Release|Any CPU.Build.0 = Release|Any CPU
	EndGlobalSection
	GlobalSection(SolutionProperties) = preSolution
		HideSolutionNode = FALSE
	EndGlobalSection
	GlobalSection(ExtensibilityGlobals) = postSolution
		SolutionGuid = {784445BB-BEB8-48B2-A6BC-E0F255548A68}
	EndGlobalSection
EndGlobal
